// !$*UTF8*$!
{
	archiveVersion = 1;
	classes = {
	};
	objectVersion = 46;
	objects = {

/* Begin PBXBuildFile section */
		55353CFC1BAB9BB500487ABF /* main.m in Sources */ = {isa = PBXBuildFile; fileRef = 55353CFB1BAB9BB500487ABF /* main.m */; };
		55353CFF1BAB9BB500487ABF /* AppDelegate.m in Sources */ = {isa = PBXBuildFile; fileRef = 55353CFE1BAB9BB500487ABF /* AppDelegate.m */; };
		55353D021BAB9BB500487ABF /* ViewController.m in Sources */ = {isa = PBXBuildFile; fileRef = 55353D011BAB9BB500487ABF /* ViewController.m */; };
		55353D051BAB9BB500487ABF /* Main.storyboard in Resources */ = {isa = PBXBuildFile; fileRef = 55353D031BAB9BB500487ABF /* Main.storyboard */; };
		55353D071BAB9BB500487ABF /* Images.xcassets in Resources */ = {isa = PBXBuildFile; fileRef = 55353D061BAB9BB500487ABF /* Images.xcassets */; };
		55353D0A1BAB9BB500487ABF /* LaunchScreen.xib in Resources */ = {isa = PBXBuildFile; fileRef = 55353D081BAB9BB500487ABF /* LaunchScreen.xib */; };
		55353D161BAB9BB500487ABF /* dariusLabTests.m in Sources */ = {isa = PBXBuildFile; fileRef = 55353D151BAB9BB500487ABF /* dariusLabTests.m */; };
/* End PBXBuildFile section */

/* Begin PBXContainerItemProxy section */
		55353D101BAB9BB500487ABF /* PBXContainerItemProxy */ = {
			isa = PBXContainerItemProxy;
			containerPortal = 55353CEE1BAB9BB500487ABF /* Project object */;
			proxyType = 1;
			remoteGlobalIDString = 55353CF51BAB9BB500487ABF;
			remoteInfo = dariusLab;
		};
/* End PBXContainerItemProxy section */

/* Begin PBXFileReference section */
		55353CF61BAB9BB500487ABF /* dariusLab.app */ = {isa = PBXFileReference; explicitFileType = wrapper.application; includeInIndex = 0; path = dariusLab.app; sourceTree = BUILT_PRODUCTS_DIR; };
		55353CFA1BAB9BB500487ABF /* Info.plist */ = {isa = PBXFileReference; lastKnownFileType = text.plist.xml; path = Info.plist; sourceTree = "<group>"; };
		55353CFB1BAB9BB500487ABF /* main.m */ = {isa = PBXFileReference; lastKnownFileType = sourcecode.c.objc; path = main.m; sourceTree = "<group>"; };
		55353CFD1BAB9BB500487ABF /* AppDelegate.h */ = {isa = PBXFileReference; lastKnownFileType = sourcecode.c.h; path = AppDelegate.h; sourceTree = "<group>"; };
		55353CFE1BAB9BB500487ABF /* AppDelegate.m */ = {isa = PBXFileReference; lastKnownFileType = sourcecode.c.objc; path = AppDelegate.m; sourceTree = "<group>"; };
		55353D001BAB9BB500487ABF /* ViewController.h */ = {isa = PBXFileReference; lastKnownFileType = sourcecode.c.h; path = ViewController.h; sourceTree = "<group>"; };
		55353D011BAB9BB500487ABF /* ViewController.m */ = {isa = PBXFileReference; lastKnownFileType = sourcecode.c.objc; path = ViewController.m; sourceTree = "<group>"; };
		55353D041BAB9BB500487ABF /* Base */ = {isa = PBXFileReference; lastKnownFileType = file.storyboard; name = Base; path = Base.lproj/Main.storyboard; sourceTree = "<group>"; };
		55353D061BAB9BB500487ABF /* Images.xcassets */ = {isa = PBXFileReference; lastKnownFileType = folder.assetcatalog; path = Images.xcassets; sourceTree = "<group>"; };
		55353D091BAB9BB500487ABF /* Base */ = {isa = PBXFileReference; lastKnownFileType = file.xib; name = Base; path = Base.lproj/LaunchScreen.xib; sourceTree = "<group>"; };
		55353D0F1BAB9BB500487ABF /* dariusLabTests.xctest */ = {isa = PBXFileReference; explicitFileType = wrapper.cfbundle; includeInIndex = 0; path = dariusLabTests.xctest; sourceTree = BUILT_PRODUCTS_DIR; };
		55353D141BAB9BB500487ABF /* Info.plist */ = {isa = PBXFileReference; lastKnownFileType = text.plist.xml; path = Info.plist; sourceTree = "<group>"; };
		55353D151BAB9BB500487ABF /* dariusLabTests.m */ = {isa = PBXFileReference; lastKnownFileType = sourcecode.c.objc; path = dariusLabTests.m; sourceTree = "<group>"; };
/* End PBXFileReference section */

/* Begin PBXFrameworksBuildPhase section */
		55353CF31BAB9BB500487ABF /* Frameworks */ = {
			isa = PBXFrameworksBuildPhase;
			buildActionMask = 2147483647;
			files = (
			);
			runOnlyForDeploymentPostprocessing = 0;
		};
		55353D0C1BAB9BB500487ABF /* Frameworks */ = {
			isa = PBXFrameworksBuildPhase;
			buildActionMask = 2147483647;
			files = (
			);
			runOnlyForDeploymentPostprocessing = 0;
		};
/* End PBXFrameworksBuildPhase section */

/* Begin PBXGroup section */
		55353CED1BAB9BB500487ABF = {
			isa = PBXGroup;
			children = (
				55353CF81BAB9BB500487ABF /* dariusLab */,
				55353D121BAB9BB500487ABF /* dariusLabTests */,
				55353CF71BAB9BB500487ABF /* Products */,
			);
			sourceTree = "<group>";
		};
		55353CF71BAB9BB500487ABF /* Products */ = {
			isa = PBXGroup;
			children = (
				55353CF61BAB9BB500487ABF /* dariusLab.app */,
				55353D0F1BAB9BB500487ABF /* dariusLabTests.xctest */,
			);
			name = Products;
			sourceTree = "<group>";
		};
		55353CF81BAB9BB500487ABF /* dariusLab */ = {
			isa = PBXGroup;
			children = (
				55353CFD1BAB9BB500487ABF /* AppDelegate.h */,
				55353CFE1BAB9BB500487ABF /* AppDelegate.m */,
				55353D001BAB9BB500487ABF /* ViewController.h */,
				55353D011BAB9BB500487ABF /* ViewController.m */,
				55353D031BAB9BB500487ABF /* Main.storyboard */,
				55353D061BAB9BB500487ABF /* Images.xcassets */,
				55353D081BAB9BB500487ABF /* LaunchScreen.xib */,
				55353CF91BAB9BB500487ABF /* Supporting Files */,
			);
			path = dariusLab;
			sourceTree = "<group>";
		};
		55353CF91BAB9BB500487ABF /* Supporting Files */ = {
			isa = PBXGroup;
			children = (
				55353CFA1BAB9BB500487ABF /* Info.plist */,
				55353CFB1BAB9BB500487ABF /* main.m */,
			);
			name = "Supporting Files";
			sourceTree = "<group>";
		};
		55353D121BAB9BB500487ABF /* dariusLabTests */ = {
			isa = PBXGroup;
			children = (
				55353D151BAB9BB500487ABF /* dariusLabTests.m */,
				55353D131BAB9BB500487ABF /* Supporting Files */,
			);
			path = dariusLabTests;
			sourceTree = "<group>";
		};
		55353D131BAB9BB500487ABF /* Supporting Files */ = {
			isa = PBXGroup;
			children = (
				55353D141BAB9BB500487ABF /* Info.plist */,
			);
			name = "Supporting Files";
			sourceTree = "<group>";
		};
/* End PBXGroup section */

/* Begin PBXNativeTarget section */
		55353CF51BAB9BB500487ABF /* dariusLab */ = {
			isa = PBXNativeTarget;
			buildConfigurationList = 55353D191BAB9BB500487ABF /* Build configuration list for PBXNativeTarget "dariusLab" */;
			buildPhases = (
				55353CF21BAB9BB500487ABF /* Sources */,
				55353CF31BAB9BB500487ABF /* Frameworks */,
				55353CF41BAB9BB500487ABF /* Resources */,
			);
			buildRules = (
			);
			dependencies = (
			);
			name = dariusLab;
			productName = dariusLab;
			productReference = 55353CF61BAB9BB500487ABF /* dariusLab.app */;
			productType = "com.apple.product-type.application";
		};
		55353D0E1BAB9BB500487ABF /* dariusLabTests */ = {
			isa = PBXNativeTarget;
			buildConfigurationList = 55353D1C1BAB9BB500487ABF /* Build configuration list for PBXNativeTarget "dariusLabTests" */;
			buildPhases = (
				55353D0B1BAB9BB500487ABF /* Sources */,
				55353D0C1BAB9BB500487ABF /* Frameworks */,
				55353D0D1BAB9BB500487ABF /* Resources */,
			);
			buildRules = (
			);
			dependencies = (
				55353D111BAB9BB500487ABF /* PBXTargetDependency */,
			);
			name = dariusLabTests;
			productName = dariusLabTests;
			productReference = 55353D0F1BAB9BB500487ABF /* dariusLabTests.xctest */;
			productType = "com.apple.product-type.bundle.unit-test";
		};
/* End PBXNativeTarget section */

/* Begin PBXProject section */
		55353CEE1BAB9BB500487ABF /* Project object */ = {
			isa = PBXProject;
			attributes = {
				LastUpgradeCheck = 0640;
				ORGANIZATIONNAME = GMStudios;
				TargetAttributes = {
					55353CF51BAB9BB500487ABF = {
						CreatedOnToolsVersion = 6.4;
					};
					55353D0E1BAB9BB500487ABF = {
						CreatedOnToolsVersion = 6.4;
						TestTargetID = 55353CF51BAB9BB500487ABF;
					};
				};
			};
			buildConfigurationList = 55353CF11BAB9BB500487ABF /* Build configuration list for PBXProject "dariusLab" */;
			compatibilityVersion = "Xcode 3.2";
			developmentRegion = English;
			hasScannedForEncodings = 0;
			knownRegions = (
				en,
				Base,
			);
			mainGroup = 55353CED1BAB9BB500487ABF;
			productRefGroup = 55353CF71BAB9BB500487ABF /* Products */;
			projectDirPath = "";
			projectRoot = "";
			targets = (
				55353CF51BAB9BB500487ABF /* dariusLab */,
				55353D0E1BAB9BB500487ABF /* dariusLabTests */,
			);
		};
/* End PBXProject section */

/* Begin PBXResourcesBuildPhase section */
		55353CF41BAB9BB500487ABF /* Resources */ = {
			isa = PBXResourcesBuildPhase;
			buildActionMask = 2147483647;
			files = (
				55353D051BAB9BB500487ABF /* Main.storyboard in Resources */,
				55353D0A1BAB9BB500487ABF /* LaunchScreen.xib in Resources */,
				55353D071BAB9BB500487ABF /* Images.xcassets in Resources */,
			);
			runOnlyForDeploymentPostprocessing = 0;
		};
		55353D0D1BAB9BB500487ABF /* Resources */ = {
			isa = PBXResourcesBuildPhase;
			buildActionMask = 2147483647;
			files = (
			);
			runOnlyForDeploymentPostprocessing = 0;
		};
/* End PBXResourcesBuildPhase section */

/* Begin PBXSourcesBuildPhase section */
		55353CF21BAB9BB500487ABF /* Sources */ = {
			isa = PBXSourcesBuildPhase;
			buildActionMask = 2147483647;
			files = (
				55353D021BAB9BB500487ABF /* ViewController.m in Sources */,
				55353CFF1BAB9BB500487ABF /* AppDelegate.m in Sources */,
				55353CFC1BAB9BB500487ABF /* main.m in Sources */,
			);
			runOnlyForDeploymentPostprocessing = 0;
		};
		55353D0B1BAB9BB500487ABF /* Sources */ = {
			isa = PBXSourcesBuildPhase;
			buildActionMask = 2147483647;
			files = (
				55353D161BAB9BB500487ABF /* dariusLabTests.m in Sources */,
			);
			runOnlyForDeploymentPostprocessing = 0;
		};
/* End PBXSourcesBuildPhase section */

/* Begin PBXTargetDependency section */
		55353D111BAB9BB500487ABF /* PBXTargetDependency */ = {
			isa = PBXTargetDependency;
			target = 55353CF51BAB9BB500487ABF /* dariusLab */;
			targetProxy = 55353D101BAB9BB500487ABF /* PBXContainerItemProxy */;
		};
/* End PBXTargetDependency section */

/* Begin PBXVariantGroup section */
		55353D031BAB9BB500487ABF /* Main.storyboard */ = {
			isa = PBXVariantGroup;
			children = (
				55353D041BAB9BB500487ABF /* Base */,
			);
			name = Main.storyboard;
			sourceTree = "<group>";
		};
		55353D081BAB9BB500487ABF /* LaunchScreen.xib */ = {
			isa = PBXVariantGroup;
			children = (
				55353D091BAB9BB500487ABF /* Base */,
			);
			name = LaunchScreen.xib;
			sourceTree = "<group>";
		};
/* End PBXVariantGroup section */

/* Begin XCBuildConfiguration section */
		55353D171BAB9BB500487ABF /* Debug */ = {
			isa = XCBuildConfiguration;
			buildSettings = {
				ALWAYS_SEARCH_USER_PATHS = NO;
				CLANG_CXX_LANGUAGE_STANDARD = "gnu++0x";
				CLANG_CXX_LIBRARY = "libc++";
				CLANG_ENABLE_MODULES = YES;
				CLANG_ENABLE_OBJC_ARC = YES;
				CLANG_WARN_BOOL_CONVERSION = YES;
				CLANG_WARN_CONSTANT_CONVERSION = YES;
				CLANG_WARN_DIRECT_OBJC_ISA_USAGE = YES_ERROR;
				CLANG_WARN_EMPTY_BODY = YES;
				CLANG_WARN_ENUM_CONVERSION = YES;
				CLANG_WARN_INT_CONVERSION = YES;
				CLANG_WARN_OBJC_ROOT_CLASS = YES_ERROR;
				CLANG_WARN_UNREACHABLE_CODE = YES;
				CLANG_WARN__DUPLICATE_METHOD_MATCH = YES;
				"CODE_SIGN_IDENTITY[sdk=iphoneos*]" = "iPhone Developer";
				COPY_PHASE_STRIP = NO;
				DEBUG_INFORMATION_FORMAT = "dwarf-with-dsym";
				ENABLE_STRICT_OBJC_MSGSEND = YES;
				GCC_C_LANGUAGE_STANDARD = gnu99;
				GCC_DYNAMIC_NO_PIC = NO;
				GCC_NO_COMMON_BLOCKS = YES;
				GCC_OPTIMIZATION_LEVEL = 0;
				GCC_PREPROCESSOR_DEFINITIONS = (
					"DEBUG=1",
					"$(inherited)",
				);
				GCC_SYMBOLS_PRIVATE_EXTERN = NO;
				GCC_WARN_64_TO_32_BIT_CONVERSION = YES;
				GCC_WARN_ABOUT_RETURN_TYPE = YES_ERROR;
				GCC_WARN_UNDECLARED_SELECTOR = YES;
				GCC_WARN_UNINITIALIZED_AUTOS = YES_AGGRESSIVE;
				GCC_WARN_UNUSED_FUNCTION = YES;
				GCC_WARN_UNUSED_VARIABLE = YES;
				IPHONEOS_DEPLOYMENT_TARGET = 8.4;
				MTL_ENABLE_DEBUG_INFO = YES;
				ONLY_ACTIVE_ARCH = YES;
				SDKROOT = iphoneos;
			};
			name = Debug;
		};
		55353D181BAB9BB500487ABF /* Release */ = {
			isa = XCBuildConfiguration;
			buildSettings = {
				ALWAYS_SEARCH_USER_PATHS = NO;
				CLANG_CXX_LANGUAGE_STANDARD = "gnu++0x";
				CLANG_CXX_LIBRARY = "libc++";
				CLANG_ENABLE_MODULES = YES;
				CLANG_ENABLE_OBJC_ARC = YES;
				CLANG_WARN_BOOL_CONVERSION = YES;
				CLANG_WARN_CONSTANT_CONVERSION = YES;
				CLANG_WARN_DIRECT_OBJC_ISA_USAGE = YES_ERROR;
				CLANG_WARN_EMPTY_BODY = YES;
				CLANG_WARN_ENUM_CONVERSION = YES;
				CLANG_WARN_INT_CONVERSION = YES;
				CLANG_WARN_OBJC_ROOT_CLASS = YES_ERROR;
				CLANG_WARN_UNREACHABLE_CODE = YES;
				CLANG_WARN__DUPLICATE_METHOD_MATCH = YES;
				"CODE_SIGN_IDENTITY[sdk=iphoneos*]" = "iPhone Developer";
				COPY_PHASE_STRIP = NO;
				DEBUG_INFORMATION_FORMAT = "dwarf-with-dsym";
				ENABLE_NS_ASSERTIONS = NO;
				ENABLE_STRICT_OBJC_MSGSEND = YES;
				GCC_C_LANGUAGE_STANDARD = gnu99;
				GCC_NO_COMMON_BLOCKS = YES;
				GCC_WARN_64_TO_32_BIT_CONVERSION = YES;
				GCC_WARN_ABOUT_RETURN_TYPE = YES_ERROR;
				GCC_WARN_UNDECLARED_SELECTOR = YES;
				GCC_WARN_UNINITIALIZED_AUTOS = YES_AGGRESSIVE;
				GCC_WARN_UNUSED_FUNCTION = YES;
				GCC_WARN_UNUSED_VARIABLE = YES;
				IPHONEOS_DEPLOYMENT_TARGET = 8.4;
				MTL_ENABLE_DEBUG_INFO = NO;
				SDKROOT = iphoneos;
				VALIDATE_PRODUCT = YES;
			};
			name = Release;
		};
		55353D1A1BAB9BB500487ABF /* Debug */ = {
			isa = XCBuildConfiguration;
			buildSettings = {
				ASSETCATALOG_COMPILER_APPICON_NAME = AppIcon;
				INFOPLIST_FILE = dariusLab/Info.plist;
				LD_RUNPATH_SEARCH_PATHS = "$(inherited) @executable_path/Frameworks";
				PRODUCT_NAME = "$(TARGET_NAME)";
			};
			name = Debug;
		};
		55353D1B1BAB9BB500487ABF /* Release */ = {
			isa = XCBuildConfiguration;
			buildSettings = {
				ASSETCATALOG_COMPILER_APPICON_NAME = AppIcon;
				INFOPLIST_FILE = dariusLab/Info.plist;
				LD_RUNPATH_SEARCH_PATHS = "$(inherited) @executable_path/Frameworks";
				PRODUCT_NAME = "$(TARGET_NAME)";
			};
			name = Release;
		};
		55353D1D1BAB9BB500487ABF /* Debug */ = {
			isa = XCBuildConfiguration;
			buildSettings = {
				BUNDLE_LOADER = "$(TEST_HOST)";
				FRAMEWORK_SEARCH_PATHS = (
					"$(SDKROOT)/Developer/Library/Frameworks",
					"$(inherited)",
				);
				GCC_PREPROCESSOR_DEFINITIONS = (
					"DEBUG=1",
					"$(inherited)",
				);
				INFOPLIST_FILE = dariusLabTests/Info.plist;
				LD_RUNPATH_SEARCH_PATHS = "$(inherited) @executable_path/Frameworks @loader_path/Frameworks";
				PRODUCT_NAME = "$(TARGET_NAME)";
				TEST_HOST = "$(BUILT_PRODUCTS_DIR)/dariusLab.app/dariusLab";
			};
			name = Debug;
		};
		55353D1E1BAB9BB500487ABF /* Release */ = {
			isa = XCBuildConfiguration;
			buildSettings = {
				BUNDLE_LOADER = "$(TEST_HOST)";
				FRAMEWORK_SEARCH_PATHS = (
					"$(SDKROOT)/Developer/Library/Frameworks",
					"$(inherited)",
				);
				INFOPLIST_FILE = dariusLabTests/Info.plist;
				LD_RUNPATH_SEARCH_PATHS = "$(inherited) @executable_path/Frameworks @loader_path/Frameworks";
				PRODUCT_NAME = "$(TARGET_NAME)";
				TEST_HOST = "$(BUILT_PRODUCTS_DIR)/dariusLab.app/dariusLab";
			};
			name = Release;
		};
/* End XCBuildConfiguration section */

/* Begin XCConfigurationList section */
		55353CF11BAB9BB500487ABF /* Build configuration list for PBXProject "dariusLab" */ = {
			isa = XCConfigurationList;
			buildConfigurations = (
				55353D171BAB9BB500487ABF /* Debug */,
				55353D181BAB9BB500487ABF /* Release */,
			);
			defaultConfigurationIsVisible = 0;
			defaultConfigurationName = Release;
		};
		55353D191BAB9BB500487ABF /* Build configuration list for PBXNativeTarget "dariusLab" */ = {
			isa = XCConfigurationList;
			buildConfigurations = (
				55353D1A1BAB9BB500487ABF /* Debug */,
				55353D1B1BAB9BB500487ABF /* Release */,
			);
			defaultConfigurationIsVisible = 0;
		};
		55353D1C1BAB9BB500487ABF /* Build configuration list for PBXNativeTarget "dariusLabTests" */ = {
			isa = XCConfigurationList;
			buildConfigurations = (
				55353D1D1BAB9BB500487ABF /* Debug */,
				55353D1E1BAB9BB500487ABF /* Release */,
			);
			defaultConfigurationIsVisible = 0;
		};
/* End XCConfigurationList section */
	};
	rootObject = 55353CEE1BAB9BB500487ABF /* Project object */;
}
